
Microsoft Visual Studio Solution File, Format Version 11.00
# Visual Studio 2010
Project("{FAE04EC0-301F-11D3-BF4B-00C04F79EFBC}") = "UnityEngine.UI", "UnityEngine.UI.csproj", "{0f4a57fc-d7a9-f17c-465b-8940b25f125e}"
EndProject
Project("{FAE04EC0-301F-11D3-BF4B-00C04F79EFBC}") = "Animancer.FSM", "Animancer.FSM.csproj", "{0c507d77-9f5e-efd5-2dc1-e59539659539}"
EndProject
Project("{FAE04EC0-301F-11D3-BF4B-00C04F79EFBC}") = "UnityEngine.TestRunner", "UnityEngine.TestRunner.csproj", "{3d826880-915c-b4d3-4971-35539a026074}"
EndProject
Project("{FAE04EC0-301F-11D3-BF4B-00C04F79EFBC}") = "Unity.InputSystem", "Unity.InputSystem.csproj", "{8fe842a3-e5a1-f3a3-73b6-4901fc3af457}"
EndProject
Project("{FAE04EC0-301F-11D3-BF4B-00C04F79EFBC}") = "Assembly-CSharp", "Assembly-CSharp.csproj", "{8ca0fa5c-fafd-df9f-cb8a-17387fc17e52}"
EndProject
Project("{FAE04EC0-301F-11D3-BF4B-00C04F79EFBC}") = "Unity.Timeline", "Unity.Timeline.csproj", "{68234cfd-9526-ef18-b723-e36b02aa99e8}"
EndProject
Project("{FAE04EC0-301F-11D3-BF4B-00C04F79EFBC}") = "Unity.ProBuilder", "Unity.ProBuilder.csproj", "{55e20ee6-7869-678e-6543-a12854a88804}"
EndProject
Project("{FAE04EC0-301F-11D3-BF4B-00C04F79EFBC}") = "Cinemachine", "Cinemachine.csproj", "{113ee2e4-2ad7-ac23-5306-c87454a26fdb}"
EndProject
Project("{FAE04EC0-301F-11D3-BF4B-00C04F79EFBC}") = "Unity.TextMeshPro", "Unity.TextMeshPro.csproj", "{357c2c04-a24c-8988-9cd5-1eb8f2a5109c}"
EndProject
Project("{FAE04EC0-301F-11D3-BF4B-00C04F79EFBC}") = "com.lightbug.character-controller-pro", "com.lightbug.character-controller-pro.csproj", "{03852f0a-32bf-51e9-492b-37656b92e675}"
EndProject
Project("{FAE04EC0-301F-11D3-BF4B-00C04F79EFBC}") = "Unity.ProBuilder.Poly2Tri", "Unity.ProBuilder.Poly2Tri.csproj", "{ebed37d8-a5e6-afe9-a080-1d19a3c5ddc8}"
EndProject
Project("{FAE04EC0-301F-11D3-BF4B-00C04F79EFBC}") = "Animancer.Examples", "Animancer.Examples.csproj", "{3a6dc287-4181-c29a-bfb0-91896084db66}"
EndProject
Project("{FAE04EC0-301F-11D3-BF4B-00C04F79EFBC}") = "Animancer", "Animancer.csproj", "{910f823c-869b-fe3b-7353-4431e2d9e8df}"
EndProject
Project("{FAE04EC0-301F-11D3-BF4B-00C04F79EFBC}") = "Unity.ProBuilder.Csg", "Unity.ProBuilder.Csg.csproj", "{2b27eca2-fdb4-1c33-9773-d40c60c4cc62}"
EndProject
Project("{FAE04EC0-301F-11D3-BF4B-00C04F79EFBC}") = "Unity.ProBuilder.KdTree", "Unity.ProBuilder.KdTree.csproj", "{1fffeef7-b44c-39a6-7132-7ba858c6727f}"
EndProject
Project("{FAE04EC0-301F-11D3-BF4B-00C04F79EFBC}") = "Unity.TerrainTools", "Unity.TerrainTools.csproj", "{9aaedb0d-6a8a-b007-d68c-17f737e716b4}"
EndProject
Project("{FAE04EC0-301F-11D3-BF4B-00C04F79EFBC}") = "Unity.ProBuilder.Stl", "Unity.ProBuilder.Stl.csproj", "{363faca9-b512-89fd-8b71-3fc5298ba38f}"
EndProject
Project("{FAE04EC0-301F-11D3-BF4B-00C04F79EFBC}") = "Unity.Timeline.Editor", "Unity.Timeline.Editor.csproj", "{679509d4-b226-ceb3-d334-88ad213f4dd1}"
EndProject
Project("{FAE04EC0-301F-11D3-BF4B-00C04F79EFBC}") = "UnityEditor.TestRunner", "UnityEditor.TestRunner.csproj", "{1f3730bc-ec09-549e-8a23-d3066743a9a7}"
EndProject
Project("{FAE04EC0-301F-11D3-BF4B-00C04F79EFBC}") = "Unity.ProBuilder.Editor", "Unity.ProBuilder.Editor.csproj", "{8e73891b-4892-9d29-befe-07d16c493355}"
EndProject
Project("{FAE04EC0-301F-11D3-BF4B-00C04F79EFBC}") = "Unity.TextMeshPro.Editor", "Unity.TextMeshPro.Editor.csproj", "{53eee80e-aa14-bbfb-5a51-61f8f04fa409}"
EndProject
Project("{FAE04EC0-301F-11D3-BF4B-00C04F79EFBC}") = "Unity.TerrainTools.Editor", "Unity.TerrainTools.Editor.csproj", "{d40cbfe8-da4d-22b5-057f-452954320c39}"
EndProject
Project("{FAE04EC0-301F-11D3-BF4B-00C04F79EFBC}") = "UnityEditor.UI", "UnityEditor.UI.csproj", "{3456ac8f-6f23-1eda-2233-67e9dfd49470}"
EndProject
Project("{FAE04EC0-301F-11D3-BF4B-00C04F79EFBC}") = "Unity.VisualStudio.Editor", "Unity.VisualStudio.Editor.csproj", "{95d65a7d-713e-d462-3d95-dfc328bb3d1b}"
EndProject
Project("{FAE04EC0-301F-11D3-BF4B-00C04F79EFBC}") = "com.unity.cinemachine.editor", "com.unity.cinemachine.editor.csproj", "{f36039d5-5a51-f387-be6f-bcc00868c2d9}"
EndProject
Project("{FAE04EC0-301F-11D3-BF4B-00C04F79EFBC}") = "Unity.CollabProxy.Editor", "Unity.CollabProxy.Editor.csproj", "{ec43a881-adba-c776-1a1e-d7ef7b9c45b9}"
EndProject
Project("{FAE04EC0-301F-11D3-BF4B-00C04F79EFBC}") = "Unity.Rider.Editor", "Unity.Rider.Editor.csproj", "{37158eee-504e-11d9-dfb2-fb925b88465e}"
EndProject
Project("{FAE04EC0-301F-11D3-BF4B-00C04F79EFBC}") = "Unity.2D.Sprite.Editor", "Unity.2D.Sprite.Editor.csproj", "{56dc45c2-d04b-12d0-0a05-00c6a8448350}"
EndProject
Project("{FAE04EC0-301F-11D3-BF4B-00C04F79EFBC}") = "Unity.VSCode.Editor", "Unity.VSCode.Editor.csproj", "{25dced38-4860-5568-79bc-861288f1df5e}"
EndProject
Project("{FAE04EC0-301F-11D3-BF4B-00C04F79EFBC}") = "Unity.ProBuilder.AssetIdRemapUtility", "Unity.ProBuilder.AssetIdRemapUtility.csproj", "{55ebd6f9-22e8-26e0-1a71-646b3504b320}"
EndProject
Project("{FAE04EC0-301F-11D3-BF4B-00C04F79EFBC}") = "Unity.Settings.Editor", "Unity.Settings.Editor.csproj", "{eb5e8473-b73d-c3c0-ef9d-f67732319308}"
EndProject
Project("{FAE04EC0-301F-11D3-BF4B-00C04F79EFBC}") = "Assembly-CSharp-Editor", "Assembly-CSharp-Editor.csproj", "{7573d710-39a9-3790-21bb-eac215bf7ac6}"
EndProject
Project("{FAE04EC0-301F-11D3-BF4B-00C04F79EFBC}") = "Unity.ProBuilder.AddOns.Editor", "Unity.ProBuilder.AddOns.Editor.csproj", "{e0517936-2f1e-36c8-cbc4-01d0a535b1eb}"
EndProject
Global
	GlobalSection(SolutionConfigurationPlatforms) = preSolution
		Debug|Any CPU = Debug|Any CPU
	EndGlobalSection
	GlobalSection(ProjectConfigurationPlatforms) = postSolution
		{0f4a57fc-d7a9-f17c-465b-8940b25f125e}.Debug|Any CPU.ActiveCfg = Debug|Any CPU
		{0f4a57fc-d7a9-f17c-465b-8940b25f125e}.Debug|Any CPU.Build.0 = Debug|Any CPU
		{0c507d77-9f5e-efd5-2dc1-e59539659539}.Debug|Any CPU.ActiveCfg = Debug|Any CPU
		{0c507d77-9f5e-efd5-2dc1-e59539659539}.Debug|Any CPU.Build.0 = Debug|Any CPU
		{3d826880-915c-b4d3-4971-35539a026074}.Debug|Any CPU.ActiveCfg = Debug|Any CPU
		{3d826880-915c-b4d3-4971-35539a026074}.Debug|Any CPU.Build.0 = Debug|Any CPU
		{8fe842a3-e5a1-f3a3-73b6-4901fc3af457}.Debug|Any CPU.ActiveCfg = Debug|Any CPU
		{8fe842a3-e5a1-f3a3-73b6-4901fc3af457}.Debug|Any CPU.Build.0 = Debug|Any CPU
		{8ca0fa5c-fafd-df9f-cb8a-17387fc17e52}.Debug|Any CPU.ActiveCfg = Debug|Any CPU
		{8ca0fa5c-fafd-df9f-cb8a-17387fc17e52}.Debug|Any CPU.Build.0 = Debug|Any CPU
		{68234cfd-9526-ef18-b723-e36b02aa99e8}.Debug|Any CPU.ActiveCfg = Debug|Any CPU
		{68234cfd-9526-ef18-b723-e36b02aa99e8}.Debug|Any CPU.Build.0 = Debug|Any CPU
		{55e20ee6-7869-678e-6543-a12854a88804}.Debug|Any CPU.ActiveCfg = Debug|Any CPU
		{55e20ee6-7869-678e-6543-a12854a88804}.Debug|Any CPU.Build.0 = Debug|Any CPU
		{113ee2e4-2ad7-ac23-5306-c87454a26fdb}.Debug|Any CPU.ActiveCfg = Debug|Any CPU
		{113ee2e4-2ad7-ac23-5306-c87454a26fdb}.Debug|Any CPU.Build.0 = Debug|Any CPU
		{357c2c04-a24c-8988-9cd5-1eb8f2a5109c}.Debug|Any CPU.ActiveCfg = Debug|Any CPU
		{357c2c04-a24c-8988-9cd5-1eb8f2a5109c}.Debug|Any CPU.Build.0 = Debug|Any CPU
		{03852f0a-32bf-51e9-492b-37656b92e675}.Debug|Any CPU.ActiveCfg = Debug|Any CPU
		{03852f0a-32bf-51e9-492b-37656b92e675}.Debug|Any CPU.Build.0 = Debug|Any CPU
		{ebed37d8-a5e6-afe9-a080-1d19a3c5ddc8}.Debug|Any CPU.ActiveCfg = Debug|Any CPU
		{ebed37d8-a5e6-afe9-a080-1d19a3c5ddc8}.Debug|Any CPU.Build.0 = Debug|Any CPU
		{3a6dc287-4181-c29a-bfb0-91896084db66}.Debug|Any CPU.ActiveCfg = Debug|Any CPU
		{3a6dc287-4181-c29a-bfb0-91896084db66}.Debug|Any CPU.Build.0 = Debug|Any CPU
		{910f823c-869b-fe3b-7353-4431e2d9e8df}.Debug|Any CPU.ActiveCfg = Debug|Any CPU
		{910f823c-869b-fe3b-7353-4431e2d9e8df}.Debug|Any CPU.Build.0 = Debug|Any CPU
		{2b27eca2-fdb4-1c33-9773-d40c60c4cc62}.Debug|Any CPU.ActiveCfg = Debug|Any CPU
		{2b27eca2-fdb4-1c33-9773-d40c60c4cc62}.Debug|Any CPU.Build.0 = Debug|Any CPU
		{1fffeef7-b44c-39a6-7132-7ba858c6727f}.Debug|Any CPU.ActiveCfg = Debug|Any CPU
		{1fffeef7-b44c-39a6-7132-7ba858c6727f}.Debug|Any CPU.Build.0 = Debug|Any CPU
		{9aaedb0d-6a8a-b007-d68c-17f737e716b4}.Debug|Any CPU.ActiveCfg = Debug|Any CPU
		{9aaedb0d-6a8a-b007-d68c-17f737e716b4}.Debug|Any CPU.Build.0 = Debug|Any CPU
		{363faca9-b512-89fd-8b71-3fc5298ba38f}.Debug|Any CPU.ActiveCfg = Debug|Any CPU
		{363faca9-b512-89fd-8b71-3fc5298ba38f}.Debug|Any CPU.Build.0 = Debug|Any CPU
		{679509d4-b226-ceb3-d334-88ad213f4dd1}.Debug|Any CPU.ActiveCfg = Debug|Any CPU
		{679509d4-b226-ceb3-d334-88ad213f4dd1}.Debug|Any CPU.Build.0 = Debug|Any CPU
		{1f3730bc-ec09-549e-8a23-d3066743a9a7}.Debug|Any CPU.ActiveCfg = Debug|Any CPU
		{1f3730bc-ec09-549e-8a23-d3066743a9a7}.Debug|Any CPU.Build.0 = Debug|Any CPU
		{8e73891b-4892-9d29-befe-07d16c493355}.Debug|Any CPU.ActiveCfg = Debug|Any CPU
		{8e73891b-4892-9d29-befe-07d16c493355}.Debug|Any CPU.Build.0 = Debug|Any CPU
		{53eee80e-aa14-bbfb-5a51-61f8f04fa409}.Debug|Any CPU.ActiveCfg = Debug|Any CPU
		{53eee80e-aa14-bbfb-5a51-61f8f04fa409}.Debug|Any CPU.Build.0 = Debug|Any CPU
		{d40cbfe8-da4d-22b5-057f-452954320c39}.Debug|Any CPU.ActiveCfg = Debug|Any CPU
		{d40cbfe8-da4d-22b5-057f-452954320c39}.Debug|Any CPU.Build.0 = Debug|Any CPU
		{3456ac8f-6f23-1eda-2233-67e9dfd49470}.Debug|Any CPU.ActiveCfg = Debug|Any CPU
		{3456ac8f-6f23-1eda-2233-67e9dfd49470}.Debug|Any CPU.Build.0 = Debug|Any CPU
		{95d65a7d-713e-d462-3d95-dfc328bb3d1b}.Debug|Any CPU.ActiveCfg = Debug|Any CPU
		{95d65a7d-713e-d462-3d95-dfc328bb3d1b}.Debug|Any CPU.Build.0 = Debug|Any CPU
		{f36039d5-5a51-f387-be6f-bcc00868c2d9}.Debug|Any CPU.ActiveCfg = Debug|Any CPU
		{f36039d5-5a51-f387-be6f-bcc00868c2d9}.Debug|Any CPU.Build.0 = Debug|Any CPU
		{ec43a881-adba-c776-1a1e-d7ef7b9c45b9}.Debug|Any CPU.ActiveCfg = Debug|Any CPU
		{ec43a881-adba-c776-1a1e-d7ef7b9c45b9}.Debug|Any CPU.Build.0 = Debug|Any CPU
		{37158eee-504e-11d9-dfb2-fb925b88465e}.Debug|Any CPU.ActiveCfg = Debug|Any CPU
		{37158eee-504e-11d9-dfb2-fb925b88465e}.Debug|Any CPU.Build.0 = Debug|Any CPU
		{56dc45c2-d04b-12d0-0a05-00c6a8448350}.Debug|Any CPU.ActiveCfg = Debug|Any CPU
		{56dc45c2-d04b-12d0-0a05-00c6a8448350}.Debug|Any CPU.Build.0 = Debug|Any CPU
		{25dced38-4860-5568-79bc-861288f1df5e}.Debug|Any CPU.ActiveCfg = Debug|Any CPU
		{25dced38-4860-5568-79bc-861288f1df5e}.Debug|Any CPU.Build.0 = Debug|Any CPU
		{55ebd6f9-22e8-26e0-1a71-646b3504b320}.Debug|Any CPU.ActiveCfg = Debug|Any CPU
		{55ebd6f9-22e8-26e0-1a71-646b3504b320}.Debug|Any CPU.Build.0 = Debug|Any CPU
		{eb5e8473-b73d-c3c0-ef9d-f67732319308}.Debug|Any CPU.ActiveCfg = Debug|Any CPU
		{eb5e8473-b73d-c3c0-ef9d-f67732319308}.Debug|Any CPU.Build.0 = Debug|Any CPU
		{7573d710-39a9-3790-21bb-eac215bf7ac6}.Debug|Any CPU.ActiveCfg = Debug|Any CPU
		{7573d710-39a9-3790-21bb-eac215bf7ac6}.Debug|Any CPU.Build.0 = Debug|Any CPU
		{e0517936-2f1e-36c8-cbc4-01d0a535b1eb}.Debug|Any CPU.ActiveCfg = Debug|Any CPU
		{e0517936-2f1e-36c8-cbc4-01d0a535b1eb}.Debug|Any CPU.Build.0 = Debug|Any CPU
	EndGlobalSection
	GlobalSection(SolutionProperties) = preSolution
		HideSolutionNode = FALSE
	EndGlobalSection
EndGlobal
